
Microsoft Visual Studio Solution File, Format Version 12.00
Project("{FAE04EC0-301F-11D3-BF4B-00C04F79EFBC}") = "GetFirst", "GetFirst\GetFirst.csproj", "{2D71BD05-A067-4A94-BECB-8A50209E9DA3}"
EndProject
Project("{FAE04EC0-301F-11D3-BF4B-00C04F79EFBC}") = "ReverseSortCharArray", "ReverseSortCharArray\ReverseSortCharArray.csproj", "{827FCB3D-AACA-465E-A8D7-B18EC3E22467}"
EndProject
Global
	GlobalSection(SolutionConfigurationPlatforms) = preSolution
		Debug|Any CPU = Debug|Any CPU
		Release|Any CPU = Release|Any CPU
	EndGlobalSection
	GlobalSection(ProjectConfigurationPlatforms) = postSolution
		{2D71BD05-A067-4A94-BECB-8A50209E9DA3}.Debug|Any CPU.ActiveCfg = Debug|Any CPU
		{2D71BD05-A067-4A94-BECB-8A50209E9DA3}.Debug|Any CPU.Build.0 = Debug|Any CPU
		{2D71BD05-A067-4A94-BECB-8A50209E9DA3}.Release|Any CPU.ActiveCfg = Release|Any CPU
		{2D71BD05-A067-4A94-BECB-8A50209E9DA3}.Release|Any CPU.Build.0 = Release|Any CPU
		{827FCB3D-AACA-465E-A8D7-B18EC3E22467}.Debug|Any CPU.ActiveCfg = Debug|Any CPU
		{827FCB3D-AACA-465E-A8D7-B18EC3E22467}.Debug|Any CPU.Build.0 = Debug|Any CPU
		{827FCB3D-AACA-465E-A8D7-B18EC3E22467}.Release|Any CPU.ActiveCfg = Release|Any CPU
		{827FCB3D-AACA-465E-A8D7-B18EC3E22467}.Release|Any CPU.Build.0 = Release|Any CPU
	EndGlobalSection
EndGlobal
